
Microsoft Visual Studio Solution File, Format Version 12.00
# Visual Studio 2012
Project("{FAE04EC0-301F-11D3-BF4B-00C04F79EFBC}") = "SolutionCop.Contracts", "SolutionCop.Contracts\SolutionCop.Contracts.csproj", "{689640EA-9F83-47FD-BC5E-66B50AF9B04A}"
EndProject
Project("{FAE04EC0-301F-11D3-BF4B-00C04F79EFBC}") = "SolutionCop.Core", "SolutionCop.Core\SolutionCop.Core.csproj", "{D96E120B-AF76-4137-A176-840BE06EA077}"
EndProject
Project("{2150E333-8FDC-42A3-9474-1A3956D46DE8}") = ".nuget", ".nuget", "{89161051-5F4E-486B-A216-3D1CE75EB784}"
	ProjectSection(SolutionItems) = preProject
		.nuget\NuGet.Config = .nuget\NuGet.Config
		.nuget\NuGet.exe = .nuget\NuGet.exe
		.nuget\NuGet.targets = .nuget\NuGet.targets
	EndProjectSection
EndProject
Project("{FAE04EC0-301F-11D3-BF4B-00C04F79EFBC}") = "SolutionCop", "SolutionCop\SolutionCop.csproj", "{5F2DA2AF-101A-47CC-AB9C-4AE111BF9BA1}"
EndProject
Global
	GlobalSection(SolutionConfigurationPlatforms) = preSolution
		Debug|Any CPU = Debug|Any CPU
		Release|Any CPU = Release|Any CPU
	EndGlobalSection
	GlobalSection(ProjectConfigurationPlatforms) = postSolution
		{689640EA-9F83-47FD-BC5E-66B50AF9B04A}.Debug|Any CPU.ActiveCfg = Debug|Any CPU
		{689640EA-9F83-47FD-BC5E-66B50AF9B04A}.Debug|Any CPU.Build.0 = Debug|Any CPU
		{689640EA-9F83-47FD-BC5E-66B50AF9B04A}.Release|Any CPU.ActiveCfg = Release|Any CPU
		{689640EA-9F83-47FD-BC5E-66B50AF9B04A}.Release|Any CPU.Build.0 = Release|Any CPU
		{D96E120B-AF76-4137-A176-840BE06EA077}.Debug|Any CPU.ActiveCfg = Debug|Any CPU
		{D96E120B-AF76-4137-A176-840BE06EA077}.Debug|Any CPU.Build.0 = Debug|Any CPU
		{D96E120B-AF76-4137-A176-840BE06EA077}.Release|Any CPU.ActiveCfg = Release|Any CPU
		{D96E120B-AF76-4137-A176-840BE06EA077}.Release|Any CPU.Build.0 = Release|Any CPU
		{5F2DA2AF-101A-47CC-AB9C-4AE111BF9BA1}.Debug|Any CPU.ActiveCfg = Debug|Any CPU
		{5F2DA2AF-101A-47CC-AB9C-4AE111BF9BA1}.Debug|Any CPU.Build.0 = Debug|Any CPU
		{5F2DA2AF-101A-47CC-AB9C-4AE111BF9BA1}.Release|Any CPU.ActiveCfg = Release|Any CPU
		{5F2DA2AF-101A-47CC-AB9C-4AE111BF9BA1}.Release|Any CPU.Build.0 = Release|Any CPU
	EndGlobalSection
	GlobalSection(SolutionProperties) = preSolution
		HideSolutionNode = FALSE
	EndGlobalSection
EndGlobal
